
Microsoft Visual Studio Solution File, Format Version 12.00
# Visual Studio Version 17
VisualStudioVersion = 17.7.34031.279
MinimumVisualStudioVersion = 10.0.40219.1
Project("{9A19103F-16F7-4668-BE54-9A1E7A4F7556}") = "CurrencyConverter.API", "CurrencyConvertor.API\CurrencyConverter.API.csproj", "{8B764FE7-46FB-43A7-9736-F2E5CFAD9787}"
EndProject
Project("{9A19103F-16F7-4668-BE54-9A1E7A4F7556}") = "CurrencyConverter.API.Tests", "CurrencyConvertor.API.Tests\CurrencyConverter.API.Tests.csproj", "{0C7FA4A7-CF95-43B8-96CF-D32EDD60A30C}"
EndProject
Global
	GlobalSection(SolutionConfigurationPlatforms) = preSolution
		Debug|Any CPU = Debug|Any CPU
		Release|Any CPU = Release|Any CPU
	EndGlobalSection
	GlobalSection(ProjectConfigurationPlatforms) = postSolution
		{8B764FE7-46FB-43A7-9736-F2E5CFAD9787}.Debug|Any CPU.ActiveCfg = Debug|Any CPU
		{8B764FE7-46FB-43A7-9736-F2E5CFAD9787}.Debug|Any CPU.Build.0 = Debug|Any CPU
		{8B764FE7-46FB-43A7-9736-F2E5CFAD9787}.Release|Any CPU.ActiveCfg = Release|Any CPU
		{8B764FE7-46FB-43A7-9736-F2E5CFAD9787}.Release|Any CPU.Build.0 = Release|Any CPU
		{0C7FA4A7-CF95-43B8-96CF-D32EDD60A30C}.Debug|Any CPU.ActiveCfg = Debug|Any CPU
		{0C7FA4A7-CF95-43B8-96CF-D32EDD60A30C}.Debug|Any CPU.Build.0 = Debug|Any CPU
		{0C7FA4A7-CF95-43B8-96CF-D32EDD60A30C}.Release|Any CPU.ActiveCfg = Release|Any CPU
		{0C7FA4A7-CF95-43B8-96CF-D32EDD60A30C}.Release|Any CPU.Build.0 = Release|Any CPU
	EndGlobalSection
	GlobalSection(SolutionProperties) = preSolution
		HideSolutionNode = FALSE
	EndGlobalSection
	GlobalSection(ExtensibilityGlobals) = postSolution
		SolutionGuid = {30F77AF2-BABE-4F4F-9AA8-06669985764C}
	EndGlobalSection
EndGlobal
